
Microsoft Visual Studio Solution File, Format Version 12.00
# Visual Studio Version 16
VisualStudioVersion = 16.6.30114.105
MinimumVisualStudioVersion = 10.0.40219.1
Project("{FAE04EC0-301F-11D3-BF4B-00C04F79EFBC}") = "ApplicationTier.Domain", "ApplicationTier.Domain\ApplicationTier.Domain.csproj", "{B0DFF517-5EF0-4927-87DB-A006B0B87EF1}"
EndProject
Project("{FAE04EC0-301F-11D3-BF4B-00C04F79EFBC}") = "ApplicationTier.Infrastructure", "ApplicationTier.Infrastructure\ApplicationTier.Infrastructure.csproj", "{1B522620-0386-4936-A553-A6E04790B73B}"
EndProject
Project("{FAE04EC0-301F-11D3-BF4B-00C04F79EFBC}") = "ApplicationTier.Service", "ApplicationTier.Service\ApplicationTier.Service.csproj", "{5003A2E9-0B84-4941-9365-380D8814B740}"
EndProject
Project("{FAE04EC0-301F-11D3-BF4B-00C04F79EFBC}") = "ApplicationTier.API", "ApplicationTier.API\ApplicationTier.API.csproj", "{5DFE7CFB-CA7A-4D50-AE3F-19486FF98291}"
EndProject
Global
	GlobalSection(SolutionConfigurationPlatforms) = preSolution
		Debug|Any CPU = Debug|Any CPU
		Debug|x64 = Debug|x64
		Debug|x86 = Debug|x86
		Release|Any CPU = Release|Any CPU
		Release|x64 = Release|x64
		Release|x86 = Release|x86
	EndGlobalSection
	GlobalSection(ProjectConfigurationPlatforms) = postSolution
		{B0DFF517-5EF0-4927-87DB-A006B0B87EF1}.Debug|Any CPU.ActiveCfg = Debug|Any CPU
		{B0DFF517-5EF0-4927-87DB-A006B0B87EF1}.Debug|Any CPU.Build.0 = Debug|Any CPU
		{B0DFF517-5EF0-4927-87DB-A006B0B87EF1}.Debug|x64.ActiveCfg = Debug|Any CPU
		{B0DFF517-5EF0-4927-87DB-A006B0B87EF1}.Debug|x64.Build.0 = Debug|Any CPU
		{B0DFF517-5EF0-4927-87DB-A006B0B87EF1}.Debug|x86.ActiveCfg = Debug|Any CPU
		{B0DFF517-5EF0-4927-87DB-A006B0B87EF1}.Debug|x86.Build.0 = Debug|Any CPU
		{B0DFF517-5EF0-4927-87DB-A006B0B87EF1}.Release|Any CPU.ActiveCfg = Release|Any CPU
		{B0DFF517-5EF0-4927-87DB-A006B0B87EF1}.Release|Any CPU.Build.0 = Release|Any CPU
		{B0DFF517-5EF0-4927-87DB-A006B0B87EF1}.Release|x64.ActiveCfg = Release|Any CPU
		{B0DFF517-5EF0-4927-87DB-A006B0B87EF1}.Release|x64.Build.0 = Release|Any CPU
		{B0DFF517-5EF0-4927-87DB-A006B0B87EF1}.Release|x86.ActiveCfg = Release|Any CPU
		{B0DFF517-5EF0-4927-87DB-A006B0B87EF1}.Release|x86.Build.0 = Release|Any CPU
		{1B522620-0386-4936-A553-A6E04790B73B}.Debug|Any CPU.ActiveCfg = Debug|Any CPU
		{1B522620-0386-4936-A553-A6E04790B73B}.Debug|Any CPU.Build.0 = Debug|Any CPU
		{1B522620-0386-4936-A553-A6E04790B73B}.Debug|x64.ActiveCfg = Debug|Any CPU
		{1B522620-0386-4936-A553-A6E04790B73B}.Debug|x64.Build.0 = Debug|Any CPU
		{1B522620-0386-4936-A553-A6E04790B73B}.Debug|x86.ActiveCfg = Debug|Any CPU
		{1B522620-0386-4936-A553-A6E04790B73B}.Debug|x86.Build.0 = Debug|Any CPU
		{1B522620-0386-4936-A553-A6E04790B73B}.Release|Any CPU.ActiveCfg = Release|Any CPU
		{1B522620-0386-4936-A553-A6E04790B73B}.Release|Any CPU.Build.0 = Release|Any CPU
		{1B522620-0386-4936-A553-A6E04790B73B}.Release|x64.ActiveCfg = Release|Any CPU
		{1B522620-0386-4936-A553-A6E04790B73B}.Release|x64.Build.0 = Release|Any CPU
		{1B522620-0386-4936-A553-A6E04790B73B}.Release|x86.ActiveCfg = Release|Any CPU
		{1B522620-0386-4936-A553-A6E04790B73B}.Release|x86.Build.0 = Release|Any CPU
		{5003A2E9-0B84-4941-9365-380D8814B740}.Debug|Any CPU.ActiveCfg = Debug|Any CPU
		{5003A2E9-0B84-4941-9365-380D8814B740}.Debug|Any CPU.Build.0 = Debug|Any CPU
		{5003A2E9-0B84-4941-9365-380D8814B740}.Debug|x64.ActiveCfg = Debug|Any CPU
		{5003A2E9-0B84-4941-9365-380D8814B740}.Debug|x64.Build.0 = Debug|Any CPU
		{5003A2E9-0B84-4941-9365-380D8814B740}.Debug|x86.ActiveCfg = Debug|Any CPU
		{5003A2E9-0B84-4941-9365-380D8814B740}.Debug|x86.Build.0 = Debug|Any CPU
		{5003A2E9-0B84-4941-9365-380D8814B740}.Release|Any CPU.ActiveCfg = Release|Any CPU
		{5003A2E9-0B84-4941-9365-380D8814B740}.Release|Any CPU.Build.0 = Release|Any CPU
		{5003A2E9-0B84-4941-9365-380D8814B740}.Release|x64.ActiveCfg = Release|Any CPU
		{5003A2E9-0B84-4941-9365-380D8814B740}.Release|x64.Build.0 = Release|Any CPU
		{5003A2E9-0B84-4941-9365-380D8814B740}.Release|x86.ActiveCfg = Release|Any CPU
		{5003A2E9-0B84-4941-9365-380D8814B740}.Release|x86.Build.0 = Release|Any CPU
		{5DFE7CFB-CA7A-4D50-AE3F-19486FF98291}.Debug|Any CPU.ActiveCfg = Debug|Any CPU
		{5DFE7CFB-CA7A-4D50-AE3F-19486FF98291}.Debug|Any CPU.Build.0 = Debug|Any CPU
		{5DFE7CFB-CA7A-4D50-AE3F-19486FF98291}.Debug|x64.ActiveCfg = Debug|Any CPU
		{5DFE7CFB-CA7A-4D50-AE3F-19486FF98291}.Debug|x64.Build.0 = Debug|Any CPU
		{5DFE7CFB-CA7A-4D50-AE3F-19486FF98291}.Debug|x86.ActiveCfg = Debug|Any CPU
		{5DFE7CFB-CA7A-4D50-AE3F-19486FF98291}.Debug|x86.Build.0 = Debug|Any CPU
		{5DFE7CFB-CA7A-4D50-AE3F-19486FF98291}.Release|Any CPU.ActiveCfg = Release|Any CPU
		{5DFE7CFB-CA7A-4D50-AE3F-19486FF98291}.Release|Any CPU.Build.0 = Release|Any CPU
		{5DFE7CFB-CA7A-4D50-AE3F-19486FF98291}.Release|x64.ActiveCfg = Release|Any CPU
		{5DFE7CFB-CA7A-4D50-AE3F-19486FF98291}.Release|x64.Build.0 = Release|Any CPU
		{5DFE7CFB-CA7A-4D50-AE3F-19486FF98291}.Release|x86.ActiveCfg = Release|Any CPU
		{5DFE7CFB-CA7A-4D50-AE3F-19486FF98291}.Release|x86.Build.0 = Release|Any CPU
	EndGlobalSection
	GlobalSection(SolutionProperties) = preSolution
		HideSolutionNode = FALSE
	EndGlobalSection
	GlobalSection(ExtensibilityGlobals) = postSolution
		SolutionGuid = {862E7805-4FE6-44D1-AE0D-7FED4082AEA7}
	EndGlobalSection
EndGlobal
